
Microsoft Visual Studio Solution File, Format Version 12.00
# Visual Studio 15
VisualStudioVersion = 15.0.26228.4
MinimumVisualStudioVersion = 10.0.40219.1
Project("{2150E333-8FDC-42A3-9474-1A3956D46DE8}") = "src", "src", "{BEDF3D21-9B83-4563-923E-CBB8BABD08D4}"
EndProject
Project("{2150E333-8FDC-42A3-9474-1A3956D46DE8}") = "Solution Items", "Solution Items", "{45AB6355-AA29-4119-BE39-5CAE13389E22}"
	ProjectSection(SolutionItems) = preProject
		LICENSE.md = LICENSE.md
		README.md = README.md
	EndProjectSection
EndProject
Project("{9A19103F-16F7-4668-BE54-9A1E7A4F7556}") = "DNTCaptcha.Core", "src\DNTCaptcha.Core\DNTCaptcha.Core.csproj", "{F564F46A-7BB9-4D48-B63A-4F7821D1457C}"
EndProject
Project("{FAE04EC0-301F-11D3-BF4B-00C04F79EFBC}") = "DNTCaptcha.TestRazorPages", "src\DNTCaptcha.TestRazorPages\DNTCaptcha.TestRazorPages.csproj", "{869D42C0-5FB2-4C26-9774-4DDF137199D2}"
EndProject
Project("{FAE04EC0-301F-11D3-BF4B-00C04F79EFBC}") = "DNTCaptcha.TestApiApp", "src\DNTCaptcha.TestApiApp\DNTCaptcha.TestApiApp.csproj", "{28ABE11A-76E1-4925-9474-9FF396BBBA01}"
EndProject
Project("{FAE04EC0-301F-11D3-BF4B-00C04F79EFBC}") = "DNTCaptcha.TestWebApp", "src\DNTCaptcha.TestWebApp\DNTCaptcha.TestWebApp.csproj", "{42F50FC7-81B3-4D98-950F-C0C9053CC62E}"
EndProject
Global
	GlobalSection(SolutionConfigurationPlatforms) = preSolution
		Release|Any CPU = Release|Any CPU
	EndGlobalSection
	GlobalSection(ProjectConfigurationPlatforms) = postSolution
		{F564F46A-7BB9-4D48-B63A-4F7821D1457C}.Release|Any CPU.ActiveCfg = Release|Any CPU
		{F564F46A-7BB9-4D48-B63A-4F7821D1457C}.Release|Any CPU.Build.0 = Release|Any CPU
		{869D42C0-5FB2-4C26-9774-4DDF137199D2}.Release|Any CPU.ActiveCfg = Release|Any CPU
		{869D42C0-5FB2-4C26-9774-4DDF137199D2}.Release|Any CPU.Build.0 = Release|Any CPU
		{28ABE11A-76E1-4925-9474-9FF396BBBA01}.Release|Any CPU.ActiveCfg = Release|Any CPU
		{28ABE11A-76E1-4925-9474-9FF396BBBA01}.Release|Any CPU.Build.0 = Release|Any CPU
		{42F50FC7-81B3-4D98-950F-C0C9053CC62E}.Release|Any CPU.ActiveCfg = Release|Any CPU
		{42F50FC7-81B3-4D98-950F-C0C9053CC62E}.Release|Any CPU.Build.0 = Release|Any CPU
	EndGlobalSection
	GlobalSection(SolutionProperties) = preSolution
		HideSolutionNode = FALSE
	EndGlobalSection
	GlobalSection(NestedProjects) = preSolution
		{F564F46A-7BB9-4D48-B63A-4F7821D1457C} = {BEDF3D21-9B83-4563-923E-CBB8BABD08D4}
		{869D42C0-5FB2-4C26-9774-4DDF137199D2} = {BEDF3D21-9B83-4563-923E-CBB8BABD08D4}
		{28ABE11A-76E1-4925-9474-9FF396BBBA01} = {BEDF3D21-9B83-4563-923E-CBB8BABD08D4}
		{42F50FC7-81B3-4D98-950F-C0C9053CC62E} = {BEDF3D21-9B83-4563-923E-CBB8BABD08D4}
	EndGlobalSection
EndGlobal
